
Microsoft Visual Studio Solution File, Format Version 12.00
# Visual Studio Version 16
VisualStudioVersion = 16.0.29709.97
MinimumVisualStudioVersion = 10.0.40219.1
Project("{FAE04EC0-301F-11D3-BF4B-00C04F79EFBC}") = "Examen2y3", "Examen2y3\Examen2y3.csproj", "{FCB8AB9D-C414-4D5B-950E-861254B1362F}"
EndProject
Global
	GlobalSection(SolutionConfigurationPlatforms) = preSolution
		Debug|Any CPU = Debug|Any CPU
		Release|Any CPU = Release|Any CPU
	EndGlobalSection
	GlobalSection(ProjectConfigurationPlatforms) = postSolution
		{FCB8AB9D-C414-4D5B-950E-861254B1362F}.Debug|Any CPU.ActiveCfg = Debug|Any CPU
		{FCB8AB9D-C414-4D5B-950E-861254B1362F}.Debug|Any CPU.Build.0 = Debug|Any CPU
		{FCB8AB9D-C414-4D5B-950E-861254B1362F}.Release|Any CPU.ActiveCfg = Release|Any CPU
		{FCB8AB9D-C414-4D5B-950E-861254B1362F}.Release|Any CPU.Build.0 = Release|Any CPU
	EndGlobalSection
	GlobalSection(SolutionProperties) = preSolution
		HideSolutionNode = FALSE
	EndGlobalSection
	GlobalSection(ExtensibilityGlobals) = postSolution
		SolutionGuid = {CB9379DA-F985-443C-8423-982E48237EB4}
	EndGlobalSection
EndGlobal
