
Microsoft Visual Studio Solution File, Format Version 12.00
# Visual Studio Version 16
VisualStudioVersion = 16.0.29709.97
MinimumVisualStudioVersion = 10.0.40219.1
Project("{FAE04EC0-301F-11D3-BF4B-00C04F79EFBC}") = "Embotalladora", "Embotalladora\Embotalladora.csproj", "{27A819B4-BECC-4DC3-B16C-6BC5B8FE61C8}"
EndProject
Global
	GlobalSection(SolutionConfigurationPlatforms) = preSolution
		Debug|Any CPU = Debug|Any CPU
		Release|Any CPU = Release|Any CPU
	EndGlobalSection
	GlobalSection(ProjectConfigurationPlatforms) = postSolution
		{27A819B4-BECC-4DC3-B16C-6BC5B8FE61C8}.Debug|Any CPU.ActiveCfg = Debug|Any CPU
		{27A819B4-BECC-4DC3-B16C-6BC5B8FE61C8}.Debug|Any CPU.Build.0 = Debug|Any CPU
		{27A819B4-BECC-4DC3-B16C-6BC5B8FE61C8}.Release|Any CPU.ActiveCfg = Release|Any CPU
		{27A819B4-BECC-4DC3-B16C-6BC5B8FE61C8}.Release|Any CPU.Build.0 = Release|Any CPU
	EndGlobalSection
	GlobalSection(SolutionProperties) = preSolution
		HideSolutionNode = FALSE
	EndGlobalSection
	GlobalSection(ExtensibilityGlobals) = postSolution
		SolutionGuid = {B6AAB0A4-690D-4484-8B43-713B4179F87E}
	EndGlobalSection
EndGlobal
